
Microsoft Visual Studio Solution File, Format Version 12.00
# Visual Studio 14
VisualStudioVersion = 14.0.25420.1
MinimumVisualStudioVersion = 10.0.40219.1
Project("{E24C65DC-7377-472B-9ABA-BC803B73C61A}") = "Zad3dot4", "..\..\WebSites\Zad3dot4\", "{1865CF06-90D8-4048-BC86-2F757E7456FE}"
	ProjectSection(WebsiteProperties) = preProject
		TargetFrameworkMoniker = ".NETFramework,Version%3Dv4.5.2"
		Debug.AspNetCompiler.VirtualPath = "/localhost_1320"
		Debug.AspNetCompiler.PhysicalPath = "..\..\WebSites\Zad3dot4\"
		Debug.AspNetCompiler.TargetPath = "PrecompiledWeb\localhost_1320\"
		Debug.AspNetCompiler.Updateable = "true"
		Debug.AspNetCompiler.ForceOverwrite = "true"
		Debug.AspNetCompiler.FixedNames = "false"
		Debug.AspNetCompiler.Debug = "True"
		Release.AspNetCompiler.VirtualPath = "/localhost_1320"
		Release.AspNetCompiler.PhysicalPath = "..\..\WebSites\Zad3dot4\"
		Release.AspNetCompiler.TargetPath = "PrecompiledWeb\localhost_1320\"
		Release.AspNetCompiler.Updateable = "true"
		Release.AspNetCompiler.ForceOverwrite = "true"
		Release.AspNetCompiler.FixedNames = "false"
		Release.AspNetCompiler.Debug = "False"
		VWDPort = "1320"
		SlnRelativePath = "..\..\WebSites\Zad3dot4\"
		DefaultWebSiteLanguage = "Visual C#"
	EndProjectSection
EndProject
Global
	GlobalSection(SolutionConfigurationPlatforms) = preSolution
		Debug|Any CPU = Debug|Any CPU
	EndGlobalSection
	GlobalSection(ProjectConfigurationPlatforms) = postSolution
		{1865CF06-90D8-4048-BC86-2F757E7456FE}.Debug|Any CPU.ActiveCfg = Debug|Any CPU
		{1865CF06-90D8-4048-BC86-2F757E7456FE}.Debug|Any CPU.Build.0 = Debug|Any CPU
	EndGlobalSection
	GlobalSection(SolutionProperties) = preSolution
		HideSolutionNode = FALSE
	EndGlobalSection
EndGlobal
